
Microsoft Visual Studio Solution File, Format Version 12.00
# Visual Studio Version 17
VisualStudioVersion = 17.7.34009.444
MinimumVisualStudioVersion = 10.0.40219.1
Project("{FAE04EC0-301F-11D3-BF4B-00C04F79EFBC}") = "Breadth First Search Algorithm", "Breadth First Search Algorithm\Breadth First Search Algorithm.csproj", "{529FE1C2-981B-4FA9-9E30-460930050DF7}"
EndProject
Global
	GlobalSection(SolutionConfigurationPlatforms) = preSolution
		Debug|Any CPU = Debug|Any CPU
		Release|Any CPU = Release|Any CPU
	EndGlobalSection
	GlobalSection(ProjectConfigurationPlatforms) = postSolution
		{529FE1C2-981B-4FA9-9E30-460930050DF7}.Debug|Any CPU.ActiveCfg = Debug|Any CPU
		{529FE1C2-981B-4FA9-9E30-460930050DF7}.Debug|Any CPU.Build.0 = Debug|Any CPU
		{529FE1C2-981B-4FA9-9E30-460930050DF7}.Release|Any CPU.ActiveCfg = Release|Any CPU
		{529FE1C2-981B-4FA9-9E30-460930050DF7}.Release|Any CPU.Build.0 = Release|Any CPU
	EndGlobalSection
	GlobalSection(SolutionProperties) = preSolution
		HideSolutionNode = FALSE
	EndGlobalSection
	GlobalSection(ExtensibilityGlobals) = postSolution
		SolutionGuid = {E6112CE1-BACE-478A-9137-C1BC50DF7C3D}
	EndGlobalSection
EndGlobal
